
Microsoft Visual Studio Solution File, Format Version 12.00
# Visual Studio Version 17
VisualStudioVersion = 17.13.35931.197 d17.13
MinimumVisualStudioVersion = 10.0.40219.1
Project("{FAE04EC0-301F-11D3-BF4B-00C04F79EFBC}") = "API_SOAP", "API_SOAP.csproj", "{EDCEB33A-CD16-4F8A-A0F4-3C0B845C878B}"
EndProject
Global
	GlobalSection(SolutionConfigurationPlatforms) = preSolution
		Debug|Any CPU = Debug|Any CPU
		Release|Any CPU = Release|Any CPU
	EndGlobalSection
	GlobalSection(ProjectConfigurationPlatforms) = postSolution
		{EDCEB33A-CD16-4F8A-A0F4-3C0B845C878B}.Debug|Any CPU.ActiveCfg = Debug|Any CPU
		{EDCEB33A-CD16-4F8A-A0F4-3C0B845C878B}.Debug|Any CPU.Build.0 = Debug|Any CPU
		{EDCEB33A-CD16-4F8A-A0F4-3C0B845C878B}.Release|Any CPU.ActiveCfg = Release|Any CPU
		{EDCEB33A-CD16-4F8A-A0F4-3C0B845C878B}.Release|Any CPU.Build.0 = Release|Any CPU
	EndGlobalSection
	GlobalSection(SolutionProperties) = preSolution
		HideSolutionNode = FALSE
	EndGlobalSection
	GlobalSection(ExtensibilityGlobals) = postSolution
		SolutionGuid = {789FF166-10D3-4BC8-9815-D1DFA2CA72C0}
	EndGlobalSection
EndGlobal
