
Microsoft Visual Studio Solution File, Format Version 12.00
# Visual Studio Version 17
VisualStudioVersion = 17.13.35825.156
MinimumVisualStudioVersion = 10.0.40219.1
Project("{FAE04EC0-301F-11D3-BF4B-00C04F79EFBC}") = "API", "API.csproj", "{B3889E47-DB07-4FAA-AA5B-0B53BBE9C1ED}"
EndProject
Project("{FAE04EC0-301F-11D3-BF4B-00C04F79EFBC}") = "Sistema Legado", "..\Sistema Legado\Sistema Legado.csproj", "{1CD552D4-D987-4281-833B-90E8AC44131A}"
EndProject
Project("{FAE04EC0-301F-11D3-BF4B-00C04F79EFBC}") = "InterfaceAPI", "..\InterfaceAPI\InterfaceAPI.csproj", "{A3DAC926-A528-4977-84D2-BFDD7A3DA08F}"
EndProject
Project("{FAE04EC0-301F-11D3-BF4B-00C04F79EFBC}") = "ProductionLine", "..\ProductionLine\ProductionLine.csproj", "{3FB665C0-5266-4E2F-AC5A-B0D94B0FC8A6}"
EndProject
Project("{FAE04EC0-301F-11D3-BF4B-00C04F79EFBC}") = "GUI Falhas", "..\GUI Falhas\GUI Falhas.csproj", "{4EA39C3D-A944-498C-A6B1-C0D7FCE91CBF}"
EndProject
Project("{FAE04EC0-301F-11D3-BF4B-00C04F79EFBC}") = "DataTransmitter", "..\DataTransmitter\DataTransmitter.csproj", "{46F86DB7-AEBB-4687-8BAE-77E1B54EDD78}"
EndProject
Global
	GlobalSection(SolutionConfigurationPlatforms) = preSolution
		Debug|Any CPU = Debug|Any CPU
		Release|Any CPU = Release|Any CPU
	EndGlobalSection
	GlobalSection(ProjectConfigurationPlatforms) = postSolution
		{B3889E47-DB07-4FAA-AA5B-0B53BBE9C1ED}.Debug|Any CPU.ActiveCfg = Debug|Any CPU
		{B3889E47-DB07-4FAA-AA5B-0B53BBE9C1ED}.Debug|Any CPU.Build.0 = Debug|Any CPU
		{B3889E47-DB07-4FAA-AA5B-0B53BBE9C1ED}.Release|Any CPU.ActiveCfg = Release|Any CPU
		{B3889E47-DB07-4FAA-AA5B-0B53BBE9C1ED}.Release|Any CPU.Build.0 = Release|Any CPU
		{1CD552D4-D987-4281-833B-90E8AC44131A}.Debug|Any CPU.ActiveCfg = Debug|Any CPU
		{1CD552D4-D987-4281-833B-90E8AC44131A}.Debug|Any CPU.Build.0 = Debug|Any CPU
		{1CD552D4-D987-4281-833B-90E8AC44131A}.Release|Any CPU.ActiveCfg = Release|Any CPU
		{1CD552D4-D987-4281-833B-90E8AC44131A}.Release|Any CPU.Build.0 = Release|Any CPU
		{A3DAC926-A528-4977-84D2-BFDD7A3DA08F}.Debug|Any CPU.ActiveCfg = Debug|Any CPU
		{A3DAC926-A528-4977-84D2-BFDD7A3DA08F}.Debug|Any CPU.Build.0 = Debug|Any CPU
		{A3DAC926-A528-4977-84D2-BFDD7A3DA08F}.Release|Any CPU.ActiveCfg = Release|Any CPU
		{A3DAC926-A528-4977-84D2-BFDD7A3DA08F}.Release|Any CPU.Build.0 = Release|Any CPU
		{3FB665C0-5266-4E2F-AC5A-B0D94B0FC8A6}.Debug|Any CPU.ActiveCfg = Debug|Any CPU
		{3FB665C0-5266-4E2F-AC5A-B0D94B0FC8A6}.Debug|Any CPU.Build.0 = Debug|Any CPU
		{3FB665C0-5266-4E2F-AC5A-B0D94B0FC8A6}.Release|Any CPU.ActiveCfg = Release|Any CPU
		{3FB665C0-5266-4E2F-AC5A-B0D94B0FC8A6}.Release|Any CPU.Build.0 = Release|Any CPU
		{4EA39C3D-A944-498C-A6B1-C0D7FCE91CBF}.Debug|Any CPU.ActiveCfg = Debug|Any CPU
		{4EA39C3D-A944-498C-A6B1-C0D7FCE91CBF}.Debug|Any CPU.Build.0 = Debug|Any CPU
		{4EA39C3D-A944-498C-A6B1-C0D7FCE91CBF}.Release|Any CPU.ActiveCfg = Release|Any CPU
		{4EA39C3D-A944-498C-A6B1-C0D7FCE91CBF}.Release|Any CPU.Build.0 = Release|Any CPU
		{46F86DB7-AEBB-4687-8BAE-77E1B54EDD78}.Debug|Any CPU.ActiveCfg = Debug|Any CPU
		{46F86DB7-AEBB-4687-8BAE-77E1B54EDD78}.Debug|Any CPU.Build.0 = Debug|Any CPU
		{46F86DB7-AEBB-4687-8BAE-77E1B54EDD78}.Release|Any CPU.ActiveCfg = Release|Any CPU
		{46F86DB7-AEBB-4687-8BAE-77E1B54EDD78}.Release|Any CPU.Build.0 = Release|Any CPU
	EndGlobalSection
	GlobalSection(SolutionProperties) = preSolution
		HideSolutionNode = FALSE
	EndGlobalSection
	GlobalSection(ExtensibilityGlobals) = postSolution
		SolutionGuid = {BF7B95A3-8908-4455-ADEE-A0F1FDEFB4EF}
	EndGlobalSection
EndGlobal
